// !$*UTF8*$!
{
	archiveVersion = 1;
	classes = {
	};
	objectVersion = 77;
	objects = {

/* Begin PBXBuildFile section */
		27E97C032F782052001879C8 /* Supabase in Frameworks */ = {isa = PBXBuildFile; productRef = 27E97C022F782052001879C8 /* Supabase */; };
		27E97C052F782052001879C8 /* Auth in Frameworks */ = {isa = PBXBuildFile; productRef = 27E97C042F782052001879C8 /* Auth */; };
/* End PBXBuildFile section */

/* Begin PBXContainerItemProxy section */
		27E97BCB2F781EDE001879C8 /* PBXContainerItemProxy */ = {
			isa = PBXContainerItemProxy;
			containerPortal = 27E97BB52F781EDA001879C8 /* Project object */;
			proxyType = 1;
			remoteGlobalIDString = 27E97BBC2F781EDA001879C8;
			remoteInfo = Omina;
		};
		27E97BD52F781EDE001879C8 /* PBXContainerItemProxy */ = {
			isa = PBXContainerItemProxy;
			containerPortal = 27E97BB52F781EDA001879C8 /* Project object */;
			proxyType = 1;
			remoteGlobalIDString = 27E97BBC2F781EDA001879C8;
			remoteInfo = Omina;
		};
/* End PBXContainerItemProxy section */

/* Begin PBXFileReference section */
		27E97BBD2F781EDA001879C8 /* Omina.app */ = {isa = PBXFileReference; explicitFileType = wrapper.application; includeInIndex = 0; path = Omina.app; sourceTree = BUILT_PRODUCTS_DIR; };
		27E97BCA2F781EDE001879C8 /* OminaTests.xctest */ = {isa = PBXFileReference; explicitFileType = wrapper.cfbundle; includeInIndex = 0; path = OminaTests.xctest; sourceTree = BUILT_PRODUCTS_DIR; };
		27E97BD42F781EDE001879C8 /* OminaUITests.xctest */ = {isa = PBXFileReference; explicitFileType = wrapper.cfbundle; includeInIndex = 0; path = OminaUITests.xctest; sourceTree = BUILT_PRODUCTS_DIR; };
/* End PBXFileReference section */

/* Begin PBXFileSystemSynchronizedBuildFileExceptionSet section */
		27E97BEE2F782051001879C8 /* Exceptions for "Omina" folder in "Omina" target */ = {
			isa = PBXFileSystemSynchronizedBuildFileExceptionSet;
			membershipExceptions = (
				Info.plist,
			);
			target = 27E97BBC2F781EDA001879C8 /* Omina */;
		};
/* End PBXFileSystemSynchronizedBuildFileExceptionSet section */

/* Begin PBXFileSystemSynchronizedRootGroup section */
		27E97BBF2F781EDA001879C8 /* Omina */ = {
			isa = PBXFileSystemSynchronizedRootGroup;
			exceptions = (
				27E97BEE2F782051001879C8 /* Exceptions for "Omina" folder in "Omina" target */,
			);
			path = Omina;
			sourceTree = "<group>";
		};
		27E97BCD2F781EDE001879C8 /* OminaTests */ = {
			isa = PBXFileSystemSynchronizedRootGroup;
			path = OminaTests;
			sourceTree = "<group>";
		};
		27E97BD72F781EDE001879C8 /* OminaUITests */ = {
			isa = PBXFileSystemSynchronizedRootGroup;
			path = OminaUITests;
			sourceTree = "<group>";
		};
/* End PBXFileSystemSynchronizedRootGroup section */

/* Begin PBXFrameworksBuildPhase section */
		27E97BBA2F781EDA001879C8 /* Frameworks */ = {
			isa = PBXFrameworksBuildPhase;
			buildActionMask = 2147483647;
			files = (
				27E97C032F782052001879C8 /* Supabase in Frameworks */,
				27E97C052F782052001879C8 /* Auth in Frameworks */,
			);
			runOnlyForDeploymentPostprocessing = 0;
		};
		27E97BC72F781EDE001879C8 /* Frameworks */ = {
			isa = PBXFrameworksBuildPhase;
			buildActionMask = 2147483647;
			files = (
			);
			runOnlyForDeploymentPostprocessing = 0;
		};
		27E97BD12F781EDE001879C8 /* Frameworks */ = {
			isa = PBXFrameworksBuildPhase;
			buildActionMask = 2147483647;
			files = (
			);
			runOnlyForDeploymentPostprocessing = 0;
		};
/* End PBXFrameworksBuildPhase section */

/* Begin PBXGroup section */
		27E97BB42F781EDA001879C8 = {
			isa = PBXGroup;
			children = (
				27E97BBF2F781EDA001879C8 /* Omina */,
				27E97BCD2F781EDE001879C8 /* OminaTests */,
				27E97BD72F781EDE001879C8 /* OminaUITests */,
				27E97BBE2F781EDA001879C8 /* Products */,
			);
			sourceTree = "<group>";
		};
		27E97BBE2F781EDA001879C8 /* Products */ = {
			isa = PBXGroup;
			children = (
				27E97BBD2F781EDA001879C8 /* Omina.app */,
				27E97BCA2F781EDE001879C8 /* OminaTests.xctest */,
				27E97BD42F781EDE001879C8 /* OminaUITests.xctest */,
			);
			name = Products;
			sourceTree = "<group>";
		};
/* End PBXGroup section */

/* Begin PBXNativeTarget section */
		27E97BBC2F781EDA001879C8 /* Omina */ = {
			isa = PBXNativeTarget;
			buildConfigurationList = 27E97BDE2F781EDE001879C8 /* Build configuration list for PBXNativeTarget "Omina" */;
			buildPhases = (
				27E97BB92F781EDA001879C8 /* Sources */,
				27E97BBA2F781EDA001879C8 /* Frameworks */,
				27E97BBB2F781EDA001879C8 /* Resources */,
			);
			buildRules = (
			);
			dependencies = (
			);
			fileSystemSynchronizedGroups = (
				27E97BBF2F781EDA001879C8 /* Omina */,
			);
			name = Omina;
			packageProductDependencies = (
				27E97C022F782052001879C8 /* Supabase */,
				27E97C042F782052001879C8 /* Auth */,
			);
			productName = Omina;
			productReference = 27E97BBD2F781EDA001879C8 /* Omina.app */;
			productType = "com.apple.product-type.application";
		};
		27E97BC92F781EDE001879C8 /* OminaTests */ = {
			isa = PBXNativeTarget;
			buildConfigurationList = 27E97BE12F781EDE001879C8 /* Build configuration list for PBXNativeTarget "OminaTests" */;
			buildPhases = (
				27E97BC62F781EDE001879C8 /* Sources */,
				27E97BC72F781EDE001879C8 /* Frameworks */,
				27E97BC82F781EDE001879C8 /* Resources */,
			);
			buildRules = (
			);
			dependencies = (
				27E97BCC2F781EDE001879C8 /* PBXTargetDependency */,
			);
			fileSystemSynchronizedGroups = (
				27E97BCD2F781EDE001879C8 /* OminaTests */,
			);
			name = OminaTests;
			packageProductDependencies = (
			);
			productName = OminaTests;
			productReference = 27E97BCA2F781EDE001879C8 /* OminaTests.xctest */;
			productType = "com.apple.product-type.bundle.unit-test";
		};
		27E97BD32F781EDE001879C8 /* OminaUITests */ = {
			isa = PBXNativeTarget;
			buildConfigurationList = 27E97BE42F781EDE001879C8 /* Build configuration list for PBXNativeTarget "OminaUITests" */;
			buildPhases = (
				27E97BD02F781EDE001879C8 /* Sources */,
				27E97BD12F781EDE001879C8 /* Frameworks */,
				27E97BD22F781EDE001879C8 /* Resources */,
			);
			buildRules = (
			);
			dependencies = (
				27E97BD62F781EDE001879C8 /* PBXTargetDependency */,
			);
			fileSystemSynchronizedGroups = (
				27E97BD72F781EDE001879C8 /* OminaUITests */,
			);
			name = OminaUITests;
			packageProductDependencies = (
			);
			productName = OminaUITests;
			productReference = 27E97BD42F781EDE001879C8 /* OminaUITests.xctest */;
			productType = "com.apple.product-type.bundle.ui-testing";
		};
/* End PBXNativeTarget section */

/* Begin PBXProject section */
		27E97BB52F781EDA001879C8 /* Project object */ = {
			isa = PBXProject;
			attributes = {
				BuildIndependentTargetsInParallel = 1;
				LastSwiftUpdateCheck = 2630;
				LastUpgradeCheck = 2630;
				TargetAttributes = {
					27E97BBC2F781EDA001879C8 = {
						CreatedOnToolsVersion = 26.3;
					};
					27E97BC92F781EDE001879C8 = {
						CreatedOnToolsVersion = 26.3;
						TestTargetID = 27E97BBC2F781EDA001879C8;
					};
					27E97BD32F781EDE001879C8 = {
						CreatedOnToolsVersion = 26.3;
						TestTargetID = 27E97BBC2F781EDA001879C8;
					};
				};
			};
			buildConfigurationList = 27E97BB82F781EDA001879C8 /* Build configuration list for PBXProject "Omina" */;
			developmentRegion = en;
			hasScannedForEncodings = 0;
			knownRegions = (
				en,
				Base,
			);
			mainGroup = 27E97BB42F781EDA001879C8;
			minimizedProjectReferenceProxies = 1;
			packageReferences = (
				27E97C012F782052001879C8 /* XCRemoteSwiftPackageReference "supabase-swift" */,
			);
			preferredProjectObjectVersion = 77;
			productRefGroup = 27E97BBE2F781EDA001879C8 /* Products */;
			projectDirPath = "";
			projectRoot = "";
			targets = (
				27E97BBC2F781EDA001879C8 /* Omina */,
				27E97BC92F781EDE001879C8 /* OminaTests */,
				27E97BD32F781EDE001879C8 /* OminaUITests */,
			);
		};
/* End PBXProject section */

/* Begin PBXResourcesBuildPhase section */
		27E97BBB2F781EDA001879C8 /* Resources */ = {
			isa = PBXResourcesBuildPhase;
			buildActionMask = 2147483647;
			files = (
			);
			runOnlyForDeploymentPostprocessing = 0;
		};
		27E97BC82F781EDE001879C8 /* Resources */ = {
			isa = PBXResourcesBuildPhase;
			buildActionMask = 2147483647;
			files = (
			);
			runOnlyForDeploymentPostprocessing = 0;
		};
		27E97BD22F781EDE001879C8 /* Resources */ = {
			isa = PBXResourcesBuildPhase;
			buildActionMask = 2147483647;
			files = (
			);
			runOnlyForDeploymentPostprocessing = 0;
		};
/* End PBXResourcesBuildPhase section */

/* Begin PBXSourcesBuildPhase section */
		27E97BB92F781EDA001879C8 /* Sources */ = {
			isa = PBXSourcesBuildPhase;
			buildActionMask = 2147483647;
			files = (
			);
			runOnlyForDeploymentPostprocessing = 0;
		};
		27E97BC62F781EDE001879C8 /* Sources */ = {
			isa = PBXSourcesBuildPhase;
			buildActionMask = 2147483647;
			files = (
			);
			runOnlyForDeploymentPostprocessing = 0;
		};
		27E97BD02F781EDE001879C8 /* Sources */ = {
			isa = PBXSourcesBuildPhase;
			buildActionMask = 2147483647;
			files = (
			);
			runOnlyForDeploymentPostprocessing = 0;
		};
/* End PBXSourcesBuildPhase section */

/* Begin PBXTargetDependency section */
		27E97BCC2F781EDE001879C8 /* PBXTargetDependency */ = {
			isa = PBXTargetDependency;
			target = 27E97BBC2F781EDA001879C8 /* Omina */;
			targetProxy = 27E97BCB2F781EDE001879C8 /* PBXContainerItemProxy */;
		};
		27E97BD62F781EDE001879C8 /* PBXTargetDependency */ = {
			isa = PBXTargetDependency;
			target = 27E97BBC2F781EDA001879C8 /* Omina */;
			targetProxy = 27E97BD52F781EDE001879C8 /* PBXContainerItemProxy */;
		};
/* End PBXTargetDependency section */

/* Begin XCBuildConfiguration section */
		27E97BDC2F781EDE001879C8 /* Debug */ = {
			isa = XCBuildConfiguration;
			buildSettings = {
				ALWAYS_SEARCH_USER_PATHS = NO;
				ASSETCATALOG_COMPILER_GENERATE_SWIFT_ASSET_SYMBOL_EXTENSIONS = YES;
				CLANG_ANALYZER_NONNULL = YES;
				CLANG_ANALYZER_NUMBER_OBJECT_CONVERSION = YES_AGGRESSIVE;
				CLANG_CXX_LANGUAGE_STANDARD = "gnu++20";
				CLANG_ENABLE_MODULES = YES;
				CLANG_ENABLE_OBJC_ARC = YES;
				CLANG_ENABLE_OBJC_WEAK = YES;
				CLANG_WARN_BLOCK_CAPTURE_AUTORELEASING = YES;
				CLANG_WARN_BOOL_CONVERSION = YES;
				CLANG_WARN_COMMA = YES;
				CLANG_WARN_CONSTANT_CONVERSION = YES;
				CLANG_WARN_DEPRECATED_OBJC_IMPLEMENTATIONS = YES;
				CLANG_WARN_DIRECT_OBJC_ISA_USAGE = YES_ERROR;
				CLANG_WARN_DOCUMENTATION_COMMENTS = YES;
				CLANG_WARN_EMPTY_BODY = YES;
				CLANG_WARN_ENUM_CONVERSION = YES;
				CLANG_WARN_INFINITE_RECURSION = YES;
				CLANG_WARN_INT_CONVERSION = YES;
				CLANG_WARN_NON_LITERAL_NULL_CONVERSION = YES;
				CLANG_WARN_OBJC_IMPLICIT_RETAIN_SELF = YES;
				CLANG_WARN_OBJC_LITERAL_CONVERSION = YES;
				CLANG_WARN_OBJC_ROOT_CLASS = YES_ERROR;
				CLANG_WARN_QUOTED_INCLUDE_IN_FRAMEWORK_HEADER = YES;
				CLANG_WARN_RANGE_LOOP_ANALYSIS = YES;
				CLANG_WARN_STRICT_PROTOTYPES = YES;
				CLANG_WARN_SUSPICIOUS_MOVE = YES;
				CLANG_WARN_UNGUARDED_AVAILABILITY = YES_AGGRESSIVE;
				CLANG_WARN_UNREACHABLE_CODE = YES;
				CLANG_WARN__DUPLICATE_METHOD_MATCH = YES;
				COPY_PHASE_STRIP = NO;
				DEBUG_INFORMATION_FORMAT = dwarf;
				DEVELOPMENT_TEAM = QT63VSPJ85;
				ENABLE_STRICT_OBJC_MSGSEND = YES;
				ENABLE_TESTABILITY = YES;
				ENABLE_USER_SCRIPT_SANDBOXING = YES;
				GCC_C_LANGUAGE_STANDARD = gnu17;
				GCC_DYNAMIC_NO_PIC = NO;
				GCC_NO_COMMON_BLOCKS = YES;
				GCC_OPTIMIZATION_LEVEL = 0;
				GCC_PREPROCESSOR_DEFINITIONS = (
					"DEBUG=1",
					"$(inherited)",
				);
				GCC_WARN_64_TO_32_BIT_CONVERSION = YES;
				GCC_WARN_ABOUT_RETURN_TYPE = YES_ERROR;
				GCC_WARN_UNDECLARED_SELECTOR = YES;
				GCC_WARN_UNINITIALIZED_AUTOS = YES_AGGRESSIVE;
				GCC_WARN_UNUSED_FUNCTION = YES;
				GCC_WARN_UNUSED_VARIABLE = YES;
				IPHONEOS_DEPLOYMENT_TARGET = 26.2;
				LOCALIZATION_PREFERS_STRING_CATALOGS = YES;
				MTL_ENABLE_DEBUG_INFO = INCLUDE_SOURCE;
				MTL_FAST_MATH = YES;
				ONLY_ACTIVE_ARCH = YES;
				SDKROOT = iphoneos;
				SWIFT_ACTIVE_COMPILATION_CONDITIONS = "DEBUG $(inherited)";
				SWIFT_OPTIMIZATION_LEVEL = "-Onone";
			};
			name = Debug;
		};
		27E97BDD2F781EDE001879C8 /* Release */ = {
			isa = XCBuildConfiguration;
			buildSettings = {
				ALWAYS_SEARCH_USER_PATHS = NO;
				ASSETCATALOG_COMPILER_GENERATE_SWIFT_ASSET_SYMBOL_EXTENSIONS = YES;
				CLANG_ANALYZER_NONNULL = YES;
				CLANG_ANALYZER_NUMBER_OBJECT_CONVERSION = YES_AGGRESSIVE;
				CLANG_CXX_LANGUAGE_STANDARD = "gnu++20";
				CLANG_ENABLE_MODULES = YES;
				CLANG_ENABLE_OBJC_ARC = YES;
				CLANG_ENABLE_OBJC_WEAK = YES;
				CLANG_WARN_BLOCK_CAPTURE_AUTORELEASING = YES;
				CLANG_WARN_BOOL_CONVERSION = YES;
				CLANG_WARN_COMMA = YES;
				CLANG_WARN_CONSTANT_CONVERSION = YES;
				CLANG_WARN_DEPRECATED_OBJC_IMPLEMENTATIONS = YES;
				CLANG_WARN_DIRECT_OBJC_ISA_USAGE = YES_ERROR;
				CLANG_WARN_DOCUMENTATION_COMMENTS = YES;
				CLANG_WARN_EMPTY_BODY = YES;
				CLANG_WARN_ENUM_CONVERSION = YES;
				CLANG_WARN_INFINITE_RECURSION = YES;
				CLANG_WARN_INT_CONVERSION = YES;
				CLANG_WARN_NON_LITERAL_NULL_CONVERSION = YES;
				CLANG_WARN_OBJC_IMPLICIT_RETAIN_SELF = YES;
				CLANG_WARN_OBJC_LITERAL_CONVERSION = YES;
				CLANG_WARN_OBJC_ROOT_CLASS = YES_ERROR;
				CLANG_WARN_QUOTED_INCLUDE_IN_FRAMEWORK_HEADER = YES;
				CLANG_WARN_RANGE_LOOP_ANALYSIS = YES;
				CLANG_WARN_STRICT_PROTOTYPES = YES;
				CLANG_WARN_SUSPICIOUS_MOVE = YES;
				CLANG_WARN_UNGUARDED_AVAILABILITY = YES_AGGRESSIVE;
				CLANG_WARN_UNREACHABLE_CODE = YES;
				CLANG_WARN__DUPLICATE_METHOD_MATCH = YES;
				COPY_PHASE_STRIP = NO;
				DEBUG_INFORMATION_FORMAT = "dwarf-with-dsym";
				DEVELOPMENT_TEAM = QT63VSPJ85;
				ENABLE_NS_ASSERTIONS = NO;
				ENABLE_STRICT_OBJC_MSGSEND = YES;
				ENABLE_USER_SCRIPT_SANDBOXING = YES;
				GCC_C_LANGUAGE_STANDARD = gnu17;
				GCC_NO_COMMON_BLOCKS = YES;
				GCC_WARN_64_TO_32_BIT_CONVERSION = YES;
				GCC_WARN_ABOUT_RETURN_TYPE = YES_ERROR;
				GCC_WARN_UNDECLARED_SELECTOR = YES;
				GCC_WARN_UNINITIALIZED_AUTOS = YES_AGGRESSIVE;
				GCC_WARN_UNUSED_FUNCTION = YES;
				GCC_WARN_UNUSED_VARIABLE = YES;
				IPHONEOS_DEPLOYMENT_TARGET = 26.2;
				LOCALIZATION_PREFERS_STRING_CATALOGS = YES;
				MTL_ENABLE_DEBUG_INFO = NO;
				MTL_FAST_MATH = YES;
				SDKROOT = iphoneos;
				SWIFT_COMPILATION_MODE = wholemodule;
				VALIDATE_PRODUCT = YES;
			};
			name = Release;
		};
		27E97BDF2F781EDE001879C8 /* Debug */ = {
			isa = XCBuildConfiguration;
			buildSettings = {
				ASSETCATALOG_COMPILER_APPICON_NAME = AppIcon;
				ASSETCATALOG_COMPILER_GLOBAL_ACCENT_COLOR_NAME = AccentColor;
				CODE_SIGN_STYLE = Automatic;
				CURRENT_PROJECT_VERSION = 3;
				DEVELOPMENT_TEAM = QT63VSPJ85;
				ENABLE_PREVIEWS = YES;
				GENERATE_INFOPLIST_FILE = YES;
				INFOPLIST_FILE = Omina/Info.plist;
				INFOPLIST_KEY_UIApplicationSceneManifest_Generation = YES;
				INFOPLIST_KEY_UIApplicationSupportsIndirectInputEvents = YES;
				INFOPLIST_KEY_UILaunchScreen_Generation = YES;
				INFOPLIST_KEY_UISupportedInterfaceOrientations_iPhone = UIInterfaceOrientationPortrait;
				IPHONEOS_DEPLOYMENT_TARGET = 17.0;
				LD_RUNPATH_SEARCH_PATHS = (
					"$(inherited)",
					"@executable_path/Frameworks",
				);
				MARKETING_VERSION = 1.0;
				PRODUCT_BUNDLE_IDENTIFIER = com.jschneiter.Omina;
				PRODUCT_NAME = "$(TARGET_NAME)";
				STRING_CATALOG_GENERATE_SYMBOLS = YES;
				SWIFT_APPROACHABLE_CONCURRENCY = YES;
				SWIFT_DEFAULT_ACTOR_ISOLATION = MainActor;
				SWIFT_EMIT_LOC_STRINGS = YES;
				SWIFT_UPCOMING_FEATURE_MEMBER_IMPORT_VISIBILITY = YES;
				SWIFT_VERSION = 5.0;
				TARGETED_DEVICE_FAMILY = 1;
			};
			name = Debug;
		};
		27E97BE02F781EDE001879C8 /* Release */ = {
			isa = XCBuildConfiguration;
			buildSettings = {
				ASSETCATALOG_COMPILER_APPICON_NAME = AppIcon;
				ASSETCATALOG_COMPILER_GLOBAL_ACCENT_COLOR_NAME = AccentColor;
				CODE_SIGN_STYLE = Automatic;
				CURRENT_PROJECT_VERSION = 3;
				DEVELOPMENT_TEAM = QT63VSPJ85;
				ENABLE_PREVIEWS = YES;
				GENERATE_INFOPLIST_FILE = YES;
				INFOPLIST_FILE = Omina/Info.plist;
				INFOPLIST_KEY_UIApplicationSceneManifest_Generation = YES;
				INFOPLIST_KEY_UIApplicationSupportsIndirectInputEvents = YES;
				INFOPLIST_KEY_UILaunchScreen_Generation = YES;
				INFOPLIST_KEY_UISupportedInterfaceOrientations_iPhone = UIInterfaceOrientationPortrait;
				IPHONEOS_DEPLOYMENT_TARGET = 17.0;
				LD_RUNPATH_SEARCH_PATHS = (
					"$(inherited)",
					"@executable_path/Frameworks",
				);
				MARKETING_VERSION = 1.0;
				PRODUCT_BUNDLE_IDENTIFIER = com.jschneiter.Omina;
				PRODUCT_NAME = "$(TARGET_NAME)";
				STRING_CATALOG_GENERATE_SYMBOLS = YES;
				SWIFT_APPROACHABLE_CONCURRENCY = YES;
				SWIFT_DEFAULT_ACTOR_ISOLATION = MainActor;
				SWIFT_EMIT_LOC_STRINGS = YES;
				SWIFT_UPCOMING_FEATURE_MEMBER_IMPORT_VISIBILITY = YES;
				SWIFT_VERSION = 5.0;
				TARGETED_DEVICE_FAMILY = 1;
			};
			name = Release;
		};
		27E97BE22F781EDE001879C8 /* Debug */ = {
			isa = XCBuildConfiguration;
			buildSettings = {
				BUNDLE_LOADER = "$(TEST_HOST)";
				CODE_SIGN_STYLE = Automatic;
				CURRENT_PROJECT_VERSION = 1;
				DEVELOPMENT_TEAM = QT63VSPJ85;
				GENERATE_INFOPLIST_FILE = YES;
				IPHONEOS_DEPLOYMENT_TARGET = 26.2;
				MARKETING_VERSION = 1.0;
				PRODUCT_BUNDLE_IDENTIFIER = com.jschneiter.OminaTests;
				PRODUCT_NAME = "$(TARGET_NAME)";
				STRING_CATALOG_GENERATE_SYMBOLS = NO;
				SWIFT_APPROACHABLE_CONCURRENCY = YES;
				SWIFT_EMIT_LOC_STRINGS = NO;
				SWIFT_UPCOMING_FEATURE_MEMBER_IMPORT_VISIBILITY = YES;
				SWIFT_VERSION = 5.0;
				TARGETED_DEVICE_FAMILY = 1;
				TEST_HOST = "$(BUILT_PRODUCTS_DIR)/Omina.app/$(BUNDLE_EXECUTABLE_FOLDER_PATH)/Omina";
			};
			name = Debug;
		};
		27E97BE32F781EDE001879C8 /* Release */ = {
			isa = XCBuildConfiguration;
			buildSettings = {
				BUNDLE_LOADER = "$(TEST_HOST)";
				CODE_SIGN_STYLE = Automatic;
				CURRENT_PROJECT_VERSION = 1;
				DEVELOPMENT_TEAM = QT63VSPJ85;
				GENERATE_INFOPLIST_FILE = YES;
				IPHONEOS_DEPLOYMENT_TARGET = 26.2;
				MARKETING_VERSION = 1.0;
				PRODUCT_BUNDLE_IDENTIFIER = com.jschneiter.OminaTests;
				PRODUCT_NAME = "$(TARGET_NAME)";
				STRING_CATALOG_GENERATE_SYMBOLS = NO;
				SWIFT_APPROACHABLE_CONCURRENCY = YES;
				SWIFT_EMIT_LOC_STRINGS = NO;
				SWIFT_UPCOMING_FEATURE_MEMBER_IMPORT_VISIBILITY = YES;
				SWIFT_VERSION = 5.0;
				TARGETED_DEVICE_FAMILY = 1;
				TEST_HOST = "$(BUILT_PRODUCTS_DIR)/Omina.app/$(BUNDLE_EXECUTABLE_FOLDER_PATH)/Omina";
			};
			name = Release;
		};
		27E97BE52F781EDE001879C8 /* Debug */ = {
			isa = XCBuildConfiguration;
			buildSettings = {
				CODE_SIGN_STYLE = Automatic;
				CURRENT_PROJECT_VERSION = 1;
				DEVELOPMENT_TEAM = QT63VSPJ85;
				GENERATE_INFOPLIST_FILE = YES;
				MARKETING_VERSION = 1.0;
				PRODUCT_BUNDLE_IDENTIFIER = com.jschneiter.OminaUITests;
				PRODUCT_NAME = "$(TARGET_NAME)";
				STRING_CATALOG_GENERATE_SYMBOLS = NO;
				SWIFT_APPROACHABLE_CONCURRENCY = YES;
				SWIFT_EMIT_LOC_STRINGS = NO;
				SWIFT_UPCOMING_FEATURE_MEMBER_IMPORT_VISIBILITY = YES;
				SWIFT_VERSION = 5.0;
				TARGETED_DEVICE_FAMILY = 1;
				TEST_TARGET_NAME = Omina;
			};
			name = Debug;
		};
		27E97BE62F781EDE001879C8 /* Release */ = {
			isa = XCBuildConfiguration;
			buildSettings = {
				CODE_SIGN_STYLE = Automatic;
				CURRENT_PROJECT_VERSION = 1;
				DEVELOPMENT_TEAM = QT63VSPJ85;
				GENERATE_INFOPLIST_FILE = YES;
				MARKETING_VERSION = 1.0;
				PRODUCT_BUNDLE_IDENTIFIER = com.jschneiter.OminaUITests;
				PRODUCT_NAME = "$(TARGET_NAME)";
				STRING_CATALOG_GENERATE_SYMBOLS = NO;
				SWIFT_APPROACHABLE_CONCURRENCY = YES;
				SWIFT_EMIT_LOC_STRINGS = NO;
				SWIFT_UPCOMING_FEATURE_MEMBER_IMPORT_VISIBILITY = YES;
				SWIFT_VERSION = 5.0;
				TARGETED_DEVICE_FAMILY = 1;
				TEST_TARGET_NAME = Omina;
			};
			name = Release;
		};
/* End XCBuildConfiguration section */

/* Begin XCConfigurationList section */
		27E97BB82F781EDA001879C8 /* Build configuration list for PBXProject "Omina" */ = {
			isa = XCConfigurationList;
			buildConfigurations = (
				27E97BDC2F781EDE001879C8 /* Debug */,
				27E97BDD2F781EDE001879C8 /* Release */,
			);
			defaultConfigurationIsVisible = 0;
			defaultConfigurationName = Release;
		};
		27E97BDE2F781EDE001879C8 /* Build configuration list for PBXNativeTarget "Omina" */ = {
			isa = XCConfigurationList;
			buildConfigurations = (
				27E97BDF2F781EDE001879C8 /* Debug */,
				27E97BE02F781EDE001879C8 /* Release */,
			);
			defaultConfigurationIsVisible = 0;
			defaultConfigurationName = Release;
		};
		27E97BE12F781EDE001879C8 /* Build configuration list for PBXNativeTarget "OminaTests" */ = {
			isa = XCConfigurationList;
			buildConfigurations = (
				27E97BE22F781EDE001879C8 /* Debug */,
				27E97BE32F781EDE001879C8 /* Release */,
			);
			defaultConfigurationIsVisible = 0;
			defaultConfigurationName = Release;
		};
		27E97BE42F781EDE001879C8 /* Build configuration list for PBXNativeTarget "OminaUITests" */ = {
			isa = XCConfigurationList;
			buildConfigurations = (
				27E97BE52F781EDE001879C8 /* Debug */,
				27E97BE62F781EDE001879C8 /* Release */,
			);
			defaultConfigurationIsVisible = 0;
			defaultConfigurationName = Release;
		};
/* End XCConfigurationList section */

/* Begin XCRemoteSwiftPackageReference section */
		27E97C012F782052001879C8 /* XCRemoteSwiftPackageReference "supabase-swift" */ = {
			isa = XCRemoteSwiftPackageReference;
			repositoryURL = "https://github.com/supabase/supabase-swift";
			requirement = {
				kind = upToNextMajorVersion;
				minimumVersion = 2.0.0;
			};
		};
/* End XCRemoteSwiftPackageReference section */

/* Begin XCSwiftPackageProductDependency section */
		27E97C022F782052001879C8 /* Supabase */ = {
			isa = XCSwiftPackageProductDependency;
			package = 27E97C012F782052001879C8 /* XCRemoteSwiftPackageReference "supabase-swift" */;
			productName = Supabase;
		};
		27E97C042F782052001879C8 /* Auth */ = {
			isa = XCSwiftPackageProductDependency;
			package = 27E97C012F782052001879C8 /* XCRemoteSwiftPackageReference "supabase-swift" */;
			productName = Auth;
		};
/* End XCSwiftPackageProductDependency section */
	};
	rootObject = 27E97BB52F781EDA001879C8 /* Project object */;
}
